// !$*UTF8*$!
{
	archiveVersion = 1;
	classes = {
	};
	objectVersion = 51;
	objects = {

/* Begin PBXBuildFile section */
		1761CC261F681B64DDC7007D /* Pods_Dialogue.framework in Frameworks */ = {isa = PBXBuildFile; fileRef = D3C922888D594B4BE0FE60B8 /* Pods_Dialogue.framework */; };
		3D7A8E702371F4A000F16F22 /* NetworkHelper.swift in Sources */ = {isa = PBXBuildFile; fileRef = 3D7A8E6F2371F4A000F16F22 /* NetworkHelper.swift */; };
		3D7A8E752373589700F16F22 /* ProfileViewController.swift in Sources */ = {isa = PBXBuildFile; fileRef = 3D7A8E742373589700F16F22 /* ProfileViewController.swift */; };
		3DB9DBC92358E8A30045F25C /* SignupViewController.swift in Sources */ = {isa = PBXBuildFile; fileRef = 3DB9DBC82358E8A30045F25C /* SignupViewController.swift */; };
		3DB9DBCB2358E9530045F25C /* Alerts.swift in Sources */ = {isa = PBXBuildFile; fileRef = 3DB9DBCA2358E9530045F25C /* Alerts.swift */; };
		3DBDA380234650EF00CD8291 /* Podfile in Resources */ = {isa = PBXBuildFile; fileRef = 3DBDA37F234650EF00CD8291 /* Podfile */; };
		3DBDA381234650EF00CD8291 /* Podfile in Resources */ = {isa = PBXBuildFile; fileRef = 3DBDA37F234650EF00CD8291 /* Podfile */; };
		3DBDA382234650EF00CD8291 /* Podfile in Resources */ = {isa = PBXBuildFile; fileRef = 3DBDA37F234650EF00CD8291 /* Podfile */; };
		3DCA9F0A235F80600078FD21 /* MyDialogueViewController.swift in Sources */ = {isa = PBXBuildFile; fileRef = 3DCA9F09235F80600078FD21 /* MyDialogueViewController.swift */; };
		3DF0B00E23413F4D00F99848 /* AppDelegate.swift in Sources */ = {isa = PBXBuildFile; fileRef = 3DF0B00D23413F4D00F99848 /* AppDelegate.swift */; };
		3DF0B01023413F4D00F99848 /* ViewController.swift in Sources */ = {isa = PBXBuildFile; fileRef = 3DF0B00F23413F4D00F99848 /* ViewController.swift */; };
		3DF0B01323413F4D00F99848 /* Main.storyboard in Resources */ = {isa = PBXBuildFile; fileRef = 3DF0B01123413F4D00F99848 /* Main.storyboard */; };
		3DF0B01523413F4E00F99848 /* Assets.xcassets in Resources */ = {isa = PBXBuildFile; fileRef = 3DF0B01423413F4E00F99848 /* Assets.xcassets */; };
		3DF0B01823413F4E00F99848 /* LaunchScreen.storyboard in Resources */ = {isa = PBXBuildFile; fileRef = 3DF0B01623413F4E00F99848 /* LaunchScreen.storyboard */; };
		3DF0B02323413F4E00F99848 /* DialogueTests.swift in Sources */ = {isa = PBXBuildFile; fileRef = 3DF0B02223413F4E00F99848 /* DialogueTests.swift */; };
		3DF0B02E23413F4E00F99848 /* DialogueUITests.swift in Sources */ = {isa = PBXBuildFile; fileRef = 3DF0B02D23413F4E00F99848 /* DialogueUITests.swift */; };
		3DF163F32358E27E00A49BAC /* SigninViewController.swift in Sources */ = {isa = PBXBuildFile; fileRef = 3DF163F22358E27E00A49BAC /* SigninViewController.swift */; };
		5706F1EC237251500080C689 /* ChatViewController.swift in Sources */ = {isa = PBXBuildFile; fileRef = 5706F1EB237251500080C689 /* ChatViewController.swift */; };
		5706F1F423725FB30080C689 /* DialogueTableViewCell.swift in Sources */ = {isa = PBXBuildFile; fileRef = 5706F1F323725FB30080C689 /* DialogueTableViewCell.swift */; };
		79179D25B707C29E181E1E8C /* Pods_DialogueTests.framework in Frameworks */ = {isa = PBXBuildFile; fileRef = 48228F2CE385DD55C1150BD9 /* Pods_DialogueTests.framework */; };
		B8B81CCF236207340058056E /* CreateDialogueViewController.swift in Sources */ = {isa = PBXBuildFile; fileRef = B8B81CCE236207340058056E /* CreateDialogueViewController.swift */; };
		B8B81CD1236216860058056E /* FollowADialogueViewController.swift in Sources */ = {isa = PBXBuildFile; fileRef = B8B81CD0236216860058056E /* FollowADialogueViewController.swift */; };
		BB06189D16819EB6B1508528 /* Pods_Dialogue_DialogueUITests.framework in Frameworks */ = {isa = PBXBuildFile; fileRef = 51D0B961DEA6953D5B239C1F /* Pods_Dialogue_DialogueUITests.framework */; };
		C33230DC236158E200359A84 /* FollowingDialoguesViewController.swift in Sources */ = {isa = PBXBuildFile; fileRef = C33230DB236158E200359A84 /* FollowingDialoguesViewController.swift */; };
		C3C1AABC23626AE9007B7E88 /* GoogleService-Info.plist in Resources */ = {isa = PBXBuildFile; fileRef = C3C1AABB23626AE9007B7E88 /* GoogleService-Info.plist */; };
		C3CFB2E22360FF3D001D0FA3 /* Loading.swift in Sources */ = {isa = PBXBuildFile; fileRef = C3CFB2E12360FF3C001D0FA3 /* Loading.swift */; };
/* End PBXBuildFile section */

/* Begin PBXContainerItemProxy section */
		3DF0B01F23413F4E00F99848 /* PBXContainerItemProxy */ = {
			isa = PBXContainerItemProxy;
			containerPortal = 3DF0B00223413F4D00F99848 /* Project object */;
			proxyType = 1;
			remoteGlobalIDString = 3DF0B00923413F4D00F99848;
			remoteInfo = Dialogue;
		};
		3DF0B02A23413F4E00F99848 /* PBXContainerItemProxy */ = {
			isa = PBXContainerItemProxy;
			containerPortal = 3DF0B00223413F4D00F99848 /* Project object */;
			proxyType = 1;
			remoteGlobalIDString = 3DF0B00923413F4D00F99848;
			remoteInfo = Dialogue;
		};
/* End PBXContainerItemProxy section */

/* Begin PBXFileReference section */
		046211C88807F78EF36A63A6 /* Pods-Dialogue.release.xcconfig */ = {isa = PBXFileReference; includeInIndex = 1; lastKnownFileType = text.xcconfig; name = "Pods-Dialogue.release.xcconfig"; path = "Target Support Files/Pods-Dialogue/Pods-Dialogue.release.xcconfig"; sourceTree = "<group>"; };
		0BA2514B44DAA6A2593C6BC2 /* Pods-DialogueTests.release.xcconfig */ = {isa = PBXFileReference; includeInIndex = 1; lastKnownFileType = text.xcconfig; name = "Pods-DialogueTests.release.xcconfig"; path = "Target Support Files/Pods-DialogueTests/Pods-DialogueTests.release.xcconfig"; sourceTree = "<group>"; };
		206E51FE1B2E37F7B39007CD /* Pods-Dialogue-DialogueUITests.debug.xcconfig */ = {isa = PBXFileReference; includeInIndex = 1; lastKnownFileType = text.xcconfig; name = "Pods-Dialogue-DialogueUITests.debug.xcconfig"; path = "Target Support Files/Pods-Dialogue-DialogueUITests/Pods-Dialogue-DialogueUITests.debug.xcconfig"; sourceTree = "<group>"; };
		27129D4A273FE3B6D1097DA8 /* Pods-Dialogue-DialogueUITests.release.xcconfig */ = {isa = PBXFileReference; includeInIndex = 1; lastKnownFileType = text.xcconfig; name = "Pods-Dialogue-DialogueUITests.release.xcconfig"; path = "Target Support Files/Pods-Dialogue-DialogueUITests/Pods-Dialogue-DialogueUITests.release.xcconfig"; sourceTree = "<group>"; };
		3D7A8E6F2371F4A000F16F22 /* NetworkHelper.swift */ = {isa = PBXFileReference; lastKnownFileType = sourcecode.swift; path = NetworkHelper.swift; sourceTree = "<group>"; };
		3D7A8E72237357ED00F16F22 /* blank-user.png */ = {isa = PBXFileReference; lastKnownFileType = image.png; name = "blank-user.png"; path = "../../Desktop/blank-user.png"; sourceTree = "<group>"; };
		3D7A8E742373589700F16F22 /* ProfileViewController.swift */ = {isa = PBXFileReference; lastKnownFileType = sourcecode.swift; path = ProfileViewController.swift; sourceTree = "<group>"; };
		3DB9DBC82358E8A30045F25C /* SignupViewController.swift */ = {isa = PBXFileReference; lastKnownFileType = sourcecode.swift; path = SignupViewController.swift; sourceTree = "<group>"; };
		3DB9DBCA2358E9530045F25C /* Alerts.swift */ = {isa = PBXFileReference; lastKnownFileType = sourcecode.swift; path = Alerts.swift; sourceTree = "<group>"; };
		3DBDA37F234650EF00CD8291 /* Podfile */ = {isa = PBXFileReference; fileEncoding = 4; lastKnownFileType = text; path = Podfile; sourceTree = "<group>"; xcLanguageSpecificationIdentifier = xcode.lang.ruby; };
		3DCA9F09235F80600078FD21 /* MyDialogueViewController.swift */ = {isa = PBXFileReference; lastKnownFileType = sourcecode.swift; path = MyDialogueViewController.swift; sourceTree = "<group>"; };
		3DF0B00A23413F4D00F99848 /* Dialogue.app */ = {isa = PBXFileReference; explicitFileType = wrapper.application; includeInIndex = 0; path = Dialogue.app; sourceTree = BUILT_PRODUCTS_DIR; };
		3DF0B00D23413F4D00F99848 /* AppDelegate.swift */ = {isa = PBXFileReference; lastKnownFileType = sourcecode.swift; path = AppDelegate.swift; sourceTree = "<group>"; };
		3DF0B00F23413F4D00F99848 /* ViewController.swift */ = {isa = PBXFileReference; lastKnownFileType = sourcecode.swift; path = ViewController.swift; sourceTree = "<group>"; };
		3DF0B01223413F4D00F99848 /* Base */ = {isa = PBXFileReference; lastKnownFileType = file.storyboard; name = Base; path = Base.lproj/Main.storyboard; sourceTree = "<group>"; };
		3DF0B01423413F4E00F99848 /* Assets.xcassets */ = {isa = PBXFileReference; lastKnownFileType = folder.assetcatalog; path = Assets.xcassets; sourceTree = "<group>"; };
		3DF0B01723413F4E00F99848 /* Base */ = {isa = PBXFileReference; lastKnownFileType = file.storyboard; name = Base; path = Base.lproj/LaunchScreen.storyboard; sourceTree = "<group>"; };
		3DF0B01923413F4E00F99848 /* Info.plist */ = {isa = PBXFileReference; lastKnownFileType = text.plist.xml; path = Info.plist; sourceTree = "<group>"; };
		3DF0B01E23413F4E00F99848 /* DialogueTests.xctest */ = {isa = PBXFileReference; explicitFileType = wrapper.cfbundle; includeInIndex = 0; path = DialogueTests.xctest; sourceTree = BUILT_PRODUCTS_DIR; };
		3DF0B02223413F4E00F99848 /* DialogueTests.swift */ = {isa = PBXFileReference; lastKnownFileType = sourcecode.swift; path = DialogueTests.swift; sourceTree = "<group>"; };
		3DF0B02423413F4E00F99848 /* Info.plist */ = {isa = PBXFileReference; lastKnownFileType = text.plist.xml; path = Info.plist; sourceTree = "<group>"; };
		3DF0B02923413F4E00F99848 /* DialogueUITests.xctest */ = {isa = PBXFileReference; explicitFileType = wrapper.cfbundle; includeInIndex = 0; path = DialogueUITests.xctest; sourceTree = BUILT_PRODUCTS_DIR; };
		3DF0B02D23413F4E00F99848 /* DialogueUITests.swift */ = {isa = PBXFileReference; lastKnownFileType = sourcecode.swift; path = DialogueUITests.swift; sourceTree = "<group>"; };
		3DF0B02F23413F4E00F99848 /* Info.plist */ = {isa = PBXFileReference; lastKnownFileType = text.plist.xml; path = Info.plist; sourceTree = "<group>"; };
		3DF163F22358E27E00A49BAC /* SigninViewController.swift */ = {isa = PBXFileReference; lastKnownFileType = sourcecode.swift; path = SigninViewController.swift; sourceTree = "<group>"; };
		48228F2CE385DD55C1150BD9 /* Pods_DialogueTests.framework */ = {isa = PBXFileReference; explicitFileType = wrapper.framework; includeInIndex = 0; path = Pods_DialogueTests.framework; sourceTree = BUILT_PRODUCTS_DIR; };
		51D0B961DEA6953D5B239C1F /* Pods_Dialogue_DialogueUITests.framework */ = {isa = PBXFileReference; explicitFileType = wrapper.framework; includeInIndex = 0; path = Pods_Dialogue_DialogueUITests.framework; sourceTree = BUILT_PRODUCTS_DIR; };
		5706F1EB237251500080C689 /* ChatViewController.swift */ = {isa = PBXFileReference; lastKnownFileType = sourcecode.swift; name = ChatViewController.swift; path = Dialogue/ChatViewController.swift; sourceTree = SOURCE_ROOT; };
		5706F1F323725FB30080C689 /* DialogueTableViewCell.swift */ = {isa = PBXFileReference; fileEncoding = 4; lastKnownFileType = sourcecode.swift; path = DialogueTableViewCell.swift; sourceTree = "<group>"; };
		6213E28C63618210CE64CE87 /* Pods-Dialogue.debug.xcconfig */ = {isa = PBXFileReference; includeInIndex = 1; lastKnownFileType = text.xcconfig; name = "Pods-Dialogue.debug.xcconfig"; path = "Target Support Files/Pods-Dialogue/Pods-Dialogue.debug.xcconfig"; sourceTree = "<group>"; };
		A85DF578BB82003BADB74BF8 /* Pods-DialogueTests.debug.xcconfig */ = {isa = PBXFileReference; includeInIndex = 1; lastKnownFileType = text.xcconfig; name = "Pods-DialogueTests.debug.xcconfig"; path = "Target Support Files/Pods-DialogueTests/Pods-DialogueTests.debug.xcconfig"; sourceTree = "<group>"; };
		B8B81CCE236207340058056E /* CreateDialogueViewController.swift */ = {isa = PBXFileReference; lastKnownFileType = sourcecode.swift; path = CreateDialogueViewController.swift; sourceTree = "<group>"; };
		B8B81CD0236216860058056E /* FollowADialogueViewController.swift */ = {isa = PBXFileReference; lastKnownFileType = sourcecode.swift; path = FollowADialogueViewController.swift; sourceTree = "<group>"; };
		C33230DB236158E200359A84 /* FollowingDialoguesViewController.swift */ = {isa = PBXFileReference; lastKnownFileType = sourcecode.swift; path = FollowingDialoguesViewController.swift; sourceTree = "<group>"; };
		C3C1AABB23626AE9007B7E88 /* GoogleService-Info.plist */ = {isa = PBXFileReference; fileEncoding = 4; lastKnownFileType = text.plist.xml; path = "GoogleService-Info.plist"; sourceTree = "<group>"; };
		C3CFB2E12360FF3C001D0FA3 /* Loading.swift */ = {isa = PBXFileReference; lastKnownFileType = sourcecode.swift; path = Loading.swift; sourceTree = "<group>"; };
		D3C922888D594B4BE0FE60B8 /* Pods_Dialogue.framework */ = {isa = PBXFileReference; explicitFileType = wrapper.framework; includeInIndex = 0; path = Pods_Dialogue.framework; sourceTree = BUILT_PRODUCTS_DIR; };
/* End PBXFileReference section */

/* Begin PBXFrameworksBuildPhase section */
		3DF0B00723413F4D00F99848 /* Frameworks */ = {
			isa = PBXFrameworksBuildPhase;
			buildActionMask = 2147483647;
			files = (
				1761CC261F681B64DDC7007D /* Pods_Dialogue.framework in Frameworks */,
			);
			runOnlyForDeploymentPostprocessing = 0;
		};
		3DF0B01B23413F4E00F99848 /* Frameworks */ = {
			isa = PBXFrameworksBuildPhase;
			buildActionMask = 2147483647;
			files = (
				79179D25B707C29E181E1E8C /* Pods_DialogueTests.framework in Frameworks */,
			);
			runOnlyForDeploymentPostprocessing = 0;
		};
		3DF0B02623413F4E00F99848 /* Frameworks */ = {
			isa = PBXFrameworksBuildPhase;
			buildActionMask = 2147483647;
			files = (
				BB06189D16819EB6B1508528 /* Pods_Dialogue_DialogueUITests.framework in Frameworks */,
			);
			runOnlyForDeploymentPostprocessing = 0;
		};
/* End PBXFrameworksBuildPhase section */

/* Begin PBXGroup section */
		0F124E355DD3ED957DBF6A01 /* Frameworks */ = {
			isa = PBXGroup;
			children = (
				3DBDA37F234650EF00CD8291 /* Podfile */,
				D3C922888D594B4BE0FE60B8 /* Pods_Dialogue.framework */,
				51D0B961DEA6953D5B239C1F /* Pods_Dialogue_DialogueUITests.framework */,
				48228F2CE385DD55C1150BD9 /* Pods_DialogueTests.framework */,
			);
			name = Frameworks;
			sourceTree = "<group>";
		};
		3D7A8E6E2371F47E00F16F22 /* Network */ = {
			isa = PBXGroup;
			children = (
				3D7A8E6F2371F4A000F16F22 /* NetworkHelper.swift */,
			);
			path = Network;
			sourceTree = "<group>";
		};
		3D7A8E71237357CB00F16F22 /* Assets */ = {
			isa = PBXGroup;
			children = (
				3D7A8E72237357ED00F16F22 /* blank-user.png */,
			);
			path = Assets;
			sourceTree = "<group>";
		};
		3D7A8E762373589F00F16F22 /* Profile */ = {
			isa = PBXGroup;
			children = (
				3D7A8E742373589700F16F22 /* ProfileViewController.swift */,
			);
			path = Profile;
			sourceTree = "<group>";
		};
		3DB9DBC62358E84F0045F25C /* Auth */ = {
			isa = PBXGroup;
			children = (
				3DF163F22358E27E00A49BAC /* SigninViewController.swift */,
				3DB9DBC82358E8A30045F25C /* SignupViewController.swift */,
			);
			path = Auth;
			sourceTree = "<group>";
		};
		3DB9DBC72358E8680045F25C /* Storyboards */ = {
			isa = PBXGroup;
			children = (
				3DF0B01123413F4D00F99848 /* Main.storyboard */,
				3DF0B01623413F4E00F99848 /* LaunchScreen.storyboard */,
			);
			path = Storyboards;
			sourceTree = "<group>";
		};
		3DF0B00123413F4D00F99848 = {
			isa = PBXGroup;
			children = (
				3D7A8E762373589F00F16F22 /* Profile */,
				3D7A8E71237357CB00F16F22 /* Assets */,
				3D7A8E6E2371F47E00F16F22 /* Network */,
				3DB9DBC72358E8680045F25C /* Storyboards */,
				3DB9DBC62358E84F0045F25C /* Auth */,
				3DF163F52358E6A400A49BAC /* Design */,
				3DF0B00C23413F4D00F99848 /* Dialogue */,
				3DF0B02123413F4E00F99848 /* DialogueTests */,
				3DF0B02C23413F4E00F99848 /* DialogueUITests */,
				3DF0B00B23413F4D00F99848 /* Products */,
				BEFA3416222811DE70FF10E5 /* Pods */,
				0F124E355DD3ED957DBF6A01 /* Frameworks */,
			);
			sourceTree = "<group>";
		};
		3DF0B00B23413F4D00F99848 /* Products */ = {
			isa = PBXGroup;
			children = (
				3DF0B00A23413F4D00F99848 /* Dialogue.app */,
				3DF0B01E23413F4E00F99848 /* DialogueTests.xctest */,
				3DF0B02923413F4E00F99848 /* DialogueUITests.xctest */,
			);
			name = Products;
			sourceTree = "<group>";
		};
		3DF0B00C23413F4D00F99848 /* Dialogue */ = {
			isa = PBXGroup;
			children = (
				C3C1AABB23626AE9007B7E88 /* GoogleService-Info.plist */,
				3DF0B00D23413F4D00F99848 /* AppDelegate.swift */,
				3DF0B00F23413F4D00F99848 /* ViewController.swift */,
				3DF0B01423413F4E00F99848 /* Assets.xcassets */,
				3DF0B01923413F4E00F99848 /* Info.plist */,
				5706F1EB237251500080C689 /* ChatViewController.swift */,
				3DCA9F09235F80600078FD21 /* MyDialogueViewController.swift */,
				5706F1F323725FB30080C689 /* DialogueTableViewCell.swift */,
				B8B81CD0236216860058056E /* FollowADialogueViewController.swift */,
				B8B81CCE236207340058056E /* CreateDialogueViewController.swift */,
				C33230DB236158E200359A84 /* FollowingDialoguesViewController.swift */,
			);
			path = Dialogue;
			sourceTree = "<group>";
		};
		3DF0B02123413F4E00F99848 /* DialogueTests */ = {
			isa = PBXGroup;
			children = (
				3DF0B02223413F4E00F99848 /* DialogueTests.swift */,
				3DF0B02423413F4E00F99848 /* Info.plist */,
			);
			path = DialogueTests;
			sourceTree = "<group>";
		};
		3DF0B02C23413F4E00F99848 /* DialogueUITests */ = {
			isa = PBXGroup;
			children = (
				3DF0B02D23413F4E00F99848 /* DialogueUITests.swift */,
				3DF0B02F23413F4E00F99848 /* Info.plist */,
			);
			path = DialogueUITests;
			sourceTree = "<group>";
		};
		3DF163F52358E6A400A49BAC /* Design */ = {
			isa = PBXGroup;
			children = (
				3DB9DBCA2358E9530045F25C /* Alerts.swift */,
				C3CFB2E12360FF3C001D0FA3 /* Loading.swift */,
			);
			path = Design;
			sourceTree = "<group>";
		};
		BEFA3416222811DE70FF10E5 /* Pods */ = {
			isa = PBXGroup;
			children = (
				6213E28C63618210CE64CE87 /* Pods-Dialogue.debug.xcconfig */,
				046211C88807F78EF36A63A6 /* Pods-Dialogue.release.xcconfig */,
				206E51FE1B2E37F7B39007CD /* Pods-Dialogue-DialogueUITests.debug.xcconfig */,
				27129D4A273FE3B6D1097DA8 /* Pods-Dialogue-DialogueUITests.release.xcconfig */,
				A85DF578BB82003BADB74BF8 /* Pods-DialogueTests.debug.xcconfig */,
				0BA2514B44DAA6A2593C6BC2 /* Pods-DialogueTests.release.xcconfig */,
			);
			path = Pods;
			sourceTree = "<group>";
		};
/* End PBXGroup section */

/* Begin PBXNativeTarget section */
		3DF0B00923413F4D00F99848 /* Dialogue */ = {
			isa = PBXNativeTarget;
			buildConfigurationList = 3DF0B03223413F4E00F99848 /* Build configuration list for PBXNativeTarget "Dialogue" */;
			buildPhases = (
				DF802F9EE606777335A52E54 /* [CP] Check Pods Manifest.lock */,
				3DF0B00623413F4D00F99848 /* Sources */,
				3DF0B00723413F4D00F99848 /* Frameworks */,
				3DF0B00823413F4D00F99848 /* Resources */,
				CC868538E6A06EDA6144A3D3 /* [CP] Embed Pods Frameworks */,
			);
			buildRules = (
			);
			dependencies = (
			);
			name = Dialogue;
			productName = Dialogue;
			productReference = 3DF0B00A23413F4D00F99848 /* Dialogue.app */;
			productType = "com.apple.product-type.application";
		};
		3DF0B01D23413F4E00F99848 /* DialogueTests */ = {
			isa = PBXNativeTarget;
			buildConfigurationList = 3DF0B03523413F4E00F99848 /* Build configuration list for PBXNativeTarget "DialogueTests" */;
			buildPhases = (
				C4F9CB82C22C134E2128CCB2 /* [CP] Check Pods Manifest.lock */,
				3DF0B01A23413F4E00F99848 /* Sources */,
				3DF0B01B23413F4E00F99848 /* Frameworks */,
				3DF0B01C23413F4E00F99848 /* Resources */,
			);
			buildRules = (
			);
			dependencies = (
				3DF0B02023413F4E00F99848 /* PBXTargetDependency */,
			);
			name = DialogueTests;
			productName = DialogueTests;
			productReference = 3DF0B01E23413F4E00F99848 /* DialogueTests.xctest */;
			productType = "com.apple.product-type.bundle.unit-test";
		};
		3DF0B02823413F4E00F99848 /* DialogueUITests */ = {
			isa = PBXNativeTarget;
			buildConfigurationList = 3DF0B03823413F4E00F99848 /* Build configuration list for PBXNativeTarget "DialogueUITests" */;
			buildPhases = (
				DA27C490D1F10069F60A38F7 /* [CP] Check Pods Manifest.lock */,
				3DF0B02523413F4E00F99848 /* Sources */,
				3DF0B02623413F4E00F99848 /* Frameworks */,
				3DF0B02723413F4E00F99848 /* Resources */,
				C262A6CA958A78EE4E026828 /* [CP] Embed Pods Frameworks */,
			);
			buildRules = (
			);
			dependencies = (
				3DF0B02B23413F4E00F99848 /* PBXTargetDependency */,
			);
			name = DialogueUITests;
			productName = DialogueUITests;
			productReference = 3DF0B02923413F4E00F99848 /* DialogueUITests.xctest */;
			productType = "com.apple.product-type.bundle.ui-testing";
		};
/* End PBXNativeTarget section */

/* Begin PBXProject section */
		3DF0B00223413F4D00F99848 /* Project object */ = {
			isa = PBXProject;
			attributes = {
				LastSwiftUpdateCheck = 1030;
				LastUpgradeCheck = 1030;
				ORGANIZATIONNAME = CS371L;
				TargetAttributes = {
					3DF0B00923413F4D00F99848 = {
						CreatedOnToolsVersion = 10.3;
					};
					3DF0B01D23413F4E00F99848 = {
						CreatedOnToolsVersion = 10.3;
						TestTargetID = 3DF0B00923413F4D00F99848;
					};
					3DF0B02823413F4E00F99848 = {
						CreatedOnToolsVersion = 10.3;
						TestTargetID = 3DF0B00923413F4D00F99848;
					};
				};
			};
			buildConfigurationList = 3DF0B00523413F4D00F99848 /* Build configuration list for PBXProject "Dialogue" */;
			compatibilityVersion = "Xcode 9.3";
			developmentRegion = en;
			hasScannedForEncodings = 0;
			knownRegions = (
				en,
				Base,
			);
			mainGroup = 3DF0B00123413F4D00F99848;
			productRefGroup = 3DF0B00B23413F4D00F99848 /* Products */;
			projectDirPath = "";
			projectRoot = "";
			targets = (
				3DF0B00923413F4D00F99848 /* Dialogue */,
				3DF0B01D23413F4E00F99848 /* DialogueTests */,
				3DF0B02823413F4E00F99848 /* DialogueUITests */,
			);
		};
/* End PBXProject section */

/* Begin PBXResourcesBuildPhase section */
		3DF0B00823413F4D00F99848 /* Resources */ = {
			isa = PBXResourcesBuildPhase;
			buildActionMask = 2147483647;
			files = (
				3DBDA380234650EF00CD8291 /* Podfile in Resources */,
				3DF0B01823413F4E00F99848 /* LaunchScreen.storyboard in Resources */,
				C3C1AABC23626AE9007B7E88 /* GoogleService-Info.plist in Resources */,
				3DF0B01523413F4E00F99848 /* Assets.xcassets in Resources */,
				3DF0B01323413F4D00F99848 /* Main.storyboard in Resources */,
			);
			runOnlyForDeploymentPostprocessing = 0;
		};
		3DF0B01C23413F4E00F99848 /* Resources */ = {
			isa = PBXResourcesBuildPhase;
			buildActionMask = 2147483647;
			files = (
				3DBDA381234650EF00CD8291 /* Podfile in Resources */,
			);
			runOnlyForDeploymentPostprocessing = 0;
		};
		3DF0B02723413F4E00F99848 /* Resources */ = {
			isa = PBXResourcesBuildPhase;
			buildActionMask = 2147483647;
			files = (
				3DBDA382234650EF00CD8291 /* Podfile in Resources */,
			);
			runOnlyForDeploymentPostprocessing = 0;
		};
/* End PBXResourcesBuildPhase section */

/* Begin PBXShellScriptBuildPhase section */
		C262A6CA958A78EE4E026828 /* [CP] Embed Pods Frameworks */ = {
			isa = PBXShellScriptBuildPhase;
			buildActionMask = 2147483647;
			files = (
			);
			inputFileListPaths = (
				"${PODS_ROOT}/Target Support Files/Pods-Dialogue-DialogueUITests/Pods-Dialogue-DialogueUITests-frameworks-${CONFIGURATION}-input-files.xcfilelist",
			);
			name = "[CP] Embed Pods Frameworks";
			outputFileListPaths = (
				"${PODS_ROOT}/Target Support Files/Pods-Dialogue-DialogueUITests/Pods-Dialogue-DialogueUITests-frameworks-${CONFIGURATION}-output-files.xcfilelist",
			);
			runOnlyForDeploymentPostprocessing = 0;
			shellPath = /bin/sh;
			shellScript = "\"${PODS_ROOT}/Target Support Files/Pods-Dialogue-DialogueUITests/Pods-Dialogue-DialogueUITests-frameworks.sh\"\n";
			showEnvVarsInLog = 0;
		};
		C4F9CB82C22C134E2128CCB2 /* [CP] Check Pods Manifest.lock */ = {
			isa = PBXShellScriptBuildPhase;
			buildActionMask = 2147483647;
			files = (
			);
			inputFileListPaths = (
			);
			inputPaths = (
				"${PODS_PODFILE_DIR_PATH}/Podfile.lock",
				"${PODS_ROOT}/Manifest.lock",
			);
			name = "[CP] Check Pods Manifest.lock";
			outputFileListPaths = (
			);
			outputPaths = (
				"$(DERIVED_FILE_DIR)/Pods-DialogueTests-checkManifestLockResult.txt",
			);
			runOnlyForDeploymentPostprocessing = 0;
			shellPath = /bin/sh;
			shellScript = "diff \"${PODS_PODFILE_DIR_PATH}/Podfile.lock\" \"${PODS_ROOT}/Manifest.lock\" > /dev/null\nif [ $? != 0 ] ; then\n    # print error to STDERR\n    echo \"error: The sandbox is not in sync with the Podfile.lock. Run 'pod install' or update your CocoaPods installation.\" >&2\n    exit 1\nfi\n# This output is used by Xcode 'outputs' to avoid re-running this script phase.\necho \"SUCCESS\" > \"${SCRIPT_OUTPUT_FILE_0}\"\n";
			showEnvVarsInLog = 0;
		};
		CC868538E6A06EDA6144A3D3 /* [CP] Embed Pods Frameworks */ = {
			isa = PBXShellScriptBuildPhase;
			buildActionMask = 2147483647;
			files = (
			);
			inputFileListPaths = (
				"${PODS_ROOT}/Target Support Files/Pods-Dialogue/Pods-Dialogue-frameworks-${CONFIGURATION}-input-files.xcfilelist",
			);
			name = "[CP] Embed Pods Frameworks";
			outputFileListPaths = (
				"${PODS_ROOT}/Target Support Files/Pods-Dialogue/Pods-Dialogue-frameworks-${CONFIGURATION}-output-files.xcfilelist",
			);
			runOnlyForDeploymentPostprocessing = 0;
			shellPath = /bin/sh;
			shellScript = "\"${PODS_ROOT}/Target Support Files/Pods-Dialogue/Pods-Dialogue-frameworks.sh\"\n";
			showEnvVarsInLog = 0;
		};
		DA27C490D1F10069F60A38F7 /* [CP] Check Pods Manifest.lock */ = {
			isa = PBXShellScriptBuildPhase;
			buildActionMask = 2147483647;
			files = (
			);
			inputFileListPaths = (
			);
			inputPaths = (
				"${PODS_PODFILE_DIR_PATH}/Podfile.lock",
				"${PODS_ROOT}/Manifest.lock",
			);
			name = "[CP] Check Pods Manifest.lock";
			outputFileListPaths = (
			);
			outputPaths = (
				"$(DERIVED_FILE_DIR)/Pods-Dialogue-DialogueUITests-checkManifestLockResult.txt",
			);
			runOnlyForDeploymentPostprocessing = 0;
			shellPath = /bin/sh;
			shellScript = "diff \"${PODS_PODFILE_DIR_PATH}/Podfile.lock\" \"${PODS_ROOT}/Manifest.lock\" > /dev/null\nif [ $? != 0 ] ; then\n    # print error to STDERR\n    echo \"error: The sandbox is not in sync with the Podfile.lock. Run 'pod install' or update your CocoaPods installation.\" >&2\n    exit 1\nfi\n# This output is used by Xcode 'outputs' to avoid re-running this script phase.\necho \"SUCCESS\" > \"${SCRIPT_OUTPUT_FILE_0}\"\n";
			showEnvVarsInLog = 0;
		};
		DF802F9EE606777335A52E54 /* [CP] Check Pods Manifest.lock */ = {
			isa = PBXShellScriptBuildPhase;
			buildActionMask = 2147483647;
			files = (
			);
			inputFileListPaths = (
			);
			inputPaths = (
				"${PODS_PODFILE_DIR_PATH}/Podfile.lock",
				"${PODS_ROOT}/Manifest.lock",
			);
			name = "[CP] Check Pods Manifest.lock";
			outputFileListPaths = (
			);
			outputPaths = (
				"$(DERIVED_FILE_DIR)/Pods-Dialogue-checkManifestLockResult.txt",
			);
			runOnlyForDeploymentPostprocessing = 0;
			shellPath = /bin/sh;
			shellScript = "diff \"${PODS_PODFILE_DIR_PATH}/Podfile.lock\" \"${PODS_ROOT}/Manifest.lock\" > /dev/null\nif [ $? != 0 ] ; then\n    # print error to STDERR\n    echo \"error: The sandbox is not in sync with the Podfile.lock. Run 'pod install' or update your CocoaPods installation.\" >&2\n    exit 1\nfi\n# This output is used by Xcode 'outputs' to avoid re-running this script phase.\necho \"SUCCESS\" > \"${SCRIPT_OUTPUT_FILE_0}\"\n";
			showEnvVarsInLog = 0;
		};
/* End PBXShellScriptBuildPhase section */

/* Begin PBXSourcesBuildPhase section */
		3DF0B00623413F4D00F99848 /* Sources */ = {
			isa = PBXSourcesBuildPhase;
			buildActionMask = 2147483647;
			files = (
				B8B81CCF236207340058056E /* CreateDialogueViewController.swift in Sources */,
				C33230DC236158E200359A84 /* FollowingDialoguesViewController.swift in Sources */,
				3DF0B01023413F4D00F99848 /* ViewController.swift in Sources */,
				3D7A8E702371F4A000F16F22 /* NetworkHelper.swift in Sources */,
				3DB9DBCB2358E9530045F25C /* Alerts.swift in Sources */,
				3DF0B00E23413F4D00F99848 /* AppDelegate.swift in Sources */,
				B8B81CD1236216860058056E /* FollowADialogueViewController.swift in Sources */,
				3DB9DBC92358E8A30045F25C /* SignupViewController.swift in Sources */,
				5706F1EC237251500080C689 /* ChatViewController.swift in Sources */,
				3DCA9F0A235F80600078FD21 /* MyDialogueViewController.swift in Sources */,
				5706F1F423725FB30080C689 /* DialogueTableViewCell.swift in Sources */,
				3D7A8E752373589700F16F22 /* ProfileViewController.swift in Sources */,
				C3CFB2E22360FF3D001D0FA3 /* Loading.swift in Sources */,
				3DF163F32358E27E00A49BAC /* SigninViewController.swift in Sources */,
			);
			runOnlyForDeploymentPostprocessing = 0;
		};
		3DF0B01A23413F4E00F99848 /* Sources */ = {
			isa = PBXSourcesBuildPhase;
			buildActionMask = 2147483647;
			files = (
				3DF0B02323413F4E00F99848 /* DialogueTests.swift in Sources */,
			);
			runOnlyForDeploymentPostprocessing = 0;
		};
		3DF0B02523413F4E00F99848 /* Sources */ = {
			isa = PBXSourcesBuildPhase;
			buildActionMask = 2147483647;
			files = (
				3DF0B02E23413F4E00F99848 /* DialogueUITests.swift in Sources */,
			);
			runOnlyForDeploymentPostprocessing = 0;
		};
/* End PBXSourcesBuildPhase section */

/* Begin PBXTargetDependency section */
		3DF0B02023413F4E00F99848 /* PBXTargetDependency */ = {
			isa = PBXTargetDependency;
			target = 3DF0B00923413F4D00F99848 /* Dialogue */;
			targetProxy = 3DF0B01F23413F4E00F99848 /* PBXContainerItemProxy */;
		};
		3DF0B02B23413F4E00F99848 /* PBXTargetDependency */ = {
			isa = PBXTargetDependency;
			target = 3DF0B00923413F4D00F99848 /* Dialogue */;
			targetProxy = 3DF0B02A23413F4E00F99848 /* PBXContainerItemProxy */;
		};
/* End PBXTargetDependency section */

/* Begin PBXVariantGroup section */
		3DF0B01123413F4D00F99848 /* Main.storyboard */ = {
			isa = PBXVariantGroup;
			children = (
				3DF0B01223413F4D00F99848 /* Base */,
			);
			name = Main.storyboard;
			sourceTree = "<group>";
		};
		3DF0B01623413F4E00F99848 /* LaunchScreen.storyboard */ = {
			isa = PBXVariantGroup;
			children = (
				3DF0B01723413F4E00F99848 /* Base */,
			);
			name = LaunchScreen.storyboard;
			sourceTree = "<group>";
		};
/* End PBXVariantGroup section */

/* Begin XCBuildConfiguration section */
		3DF0B03023413F4E00F99848 /* Debug */ = {
			isa = XCBuildConfiguration;
			buildSettings = {
				ALWAYS_SEARCH_USER_PATHS = NO;
				CLANG_ANALYZER_NONNULL = YES;
				CLANG_ANALYZER_NUMBER_OBJECT_CONVERSION = YES_AGGRESSIVE;
				CLANG_CXX_LANGUAGE_STANDARD = "gnu++14";
				CLANG_CXX_LIBRARY = "libc++";
				CLANG_ENABLE_MODULES = YES;
				CLANG_ENABLE_OBJC_ARC = YES;
				CLANG_ENABLE_OBJC_WEAK = YES;
				CLANG_WARN_BLOCK_CAPTURE_AUTORELEASING = YES;
				CLANG_WARN_BOOL_CONVERSION = YES;
				CLANG_WARN_COMMA = YES;
				CLANG_WARN_CONSTANT_CONVERSION = YES;
				CLANG_WARN_DEPRECATED_OBJC_IMPLEMENTATIONS = YES;
				CLANG_WARN_DIRECT_OBJC_ISA_USAGE = YES_ERROR;
				CLANG_WARN_DOCUMENTATION_COMMENTS = YES;
				CLANG_WARN_EMPTY_BODY = YES;
				CLANG_WARN_ENUM_CONVERSION = YES;
				CLANG_WARN_INFINITE_RECURSION = YES;
				CLANG_WARN_INT_CONVERSION = YES;
				CLANG_WARN_NON_LITERAL_NULL_CONVERSION = YES;
				CLANG_WARN_OBJC_IMPLICIT_RETAIN_SELF = YES;
				CLANG_WARN_OBJC_LITERAL_CONVERSION = YES;
				CLANG_WARN_OBJC_ROOT_CLASS = YES_ERROR;
				CLANG_WARN_RANGE_LOOP_ANALYSIS = YES;
				CLANG_WARN_STRICT_PROTOTYPES = YES;
				CLANG_WARN_SUSPICIOUS_MOVE = YES;
				CLANG_WARN_UNGUARDED_AVAILABILITY = YES_AGGRESSIVE;
				CLANG_WARN_UNREACHABLE_CODE = YES;
				CLANG_WARN__DUPLICATE_METHOD_MATCH = YES;
				CODE_SIGN_IDENTITY = "iPhone Developer";
				COPY_PHASE_STRIP = NO;
				DEBUG_INFORMATION_FORMAT = dwarf;
				ENABLE_STRICT_OBJC_MSGSEND = YES;
				ENABLE_TESTABILITY = YES;
				GCC_C_LANGUAGE_STANDARD = gnu11;
				GCC_DYNAMIC_NO_PIC = NO;
				GCC_NO_COMMON_BLOCKS = YES;
				GCC_OPTIMIZATION_LEVEL = 0;
				GCC_PREPROCESSOR_DEFINITIONS = (
					"DEBUG=1",
					"$(inherited)",
				);
				GCC_WARN_64_TO_32_BIT_CONVERSION = YES;
				GCC_WARN_ABOUT_RETURN_TYPE = YES_ERROR;
				GCC_WARN_UNDECLARED_SELECTOR = YES;
				GCC_WARN_UNINITIALIZED_AUTOS = YES_AGGRESSIVE;
				GCC_WARN_UNUSED_FUNCTION = YES;
				GCC_WARN_UNUSED_VARIABLE = YES;
				IPHONEOS_DEPLOYMENT_TARGET = 12.4;
				MTL_ENABLE_DEBUG_INFO = INCLUDE_SOURCE;
				MTL_FAST_MATH = YES;
				ONLY_ACTIVE_ARCH = YES;
				SDKROOT = iphoneos;
				SWIFT_ACTIVE_COMPILATION_CONDITIONS = DEBUG;
				SWIFT_OPTIMIZATION_LEVEL = "-Onone";
			};
			name = Debug;
		};
		3DF0B03123413F4E00F99848 /* Release */ = {
			isa = XCBuildConfiguration;
			buildSettings = {
				ALWAYS_SEARCH_USER_PATHS = NO;
				CLANG_ANALYZER_NONNULL = YES;
				CLANG_ANALYZER_NUMBER_OBJECT_CONVERSION = YES_AGGRESSIVE;
				CLANG_CXX_LANGUAGE_STANDARD = "gnu++14";
				CLANG_CXX_LIBRARY = "libc++";
				CLANG_ENABLE_MODULES = YES;
				CLANG_ENABLE_OBJC_ARC = YES;
				CLANG_ENABLE_OBJC_WEAK = YES;
				CLANG_WARN_BLOCK_CAPTURE_AUTORELEASING = YES;
				CLANG_WARN_BOOL_CONVERSION = YES;
				CLANG_WARN_COMMA = YES;
				CLANG_WARN_CONSTANT_CONVERSION = YES;
				CLANG_WARN_DEPRECATED_OBJC_IMPLEMENTATIONS = YES;
				CLANG_WARN_DIRECT_OBJC_ISA_USAGE = YES_ERROR;
				CLANG_WARN_DOCUMENTATION_COMMENTS = YES;
				CLANG_WARN_EMPTY_BODY = YES;
				CLANG_WARN_ENUM_CONVERSION = YES;
				CLANG_WARN_INFINITE_RECURSION = YES;
				CLANG_WARN_INT_CONVERSION = YES;
				CLANG_WARN_NON_LITERAL_NULL_CONVERSION = YES;
				CLANG_WARN_OBJC_IMPLICIT_RETAIN_SELF = YES;
				CLANG_WARN_OBJC_LITERAL_CONVERSION = YES;
				CLANG_WARN_OBJC_ROOT_CLASS = YES_ERROR;
				CLANG_WARN_RANGE_LOOP_ANALYSIS = YES;
				CLANG_WARN_STRICT_PROTOTYPES = YES;
				CLANG_WARN_SUSPICIOUS_MOVE = YES;
				CLANG_WARN_UNGUARDED_AVAILABILITY = YES_AGGRESSIVE;
				CLANG_WARN_UNREACHABLE_CODE = YES;
				CLANG_WARN__DUPLICATE_METHOD_MATCH = YES;
				CODE_SIGN_IDENTITY = "iPhone Developer";
				COPY_PHASE_STRIP = NO;
				DEBUG_INFORMATION_FORMAT = "dwarf-with-dsym";
				ENABLE_NS_ASSERTIONS = NO;
				ENABLE_STRICT_OBJC_MSGSEND = YES;
				GCC_C_LANGUAGE_STANDARD = gnu11;
				GCC_NO_COMMON_BLOCKS = YES;
				GCC_WARN_64_TO_32_BIT_CONVERSION = YES;
				GCC_WARN_ABOUT_RETURN_TYPE = YES_ERROR;
				GCC_WARN_UNDECLARED_SELECTOR = YES;
				GCC_WARN_UNINITIALIZED_AUTOS = YES_AGGRESSIVE;
				GCC_WARN_UNUSED_FUNCTION = YES;
				GCC_WARN_UNUSED_VARIABLE = YES;
				IPHONEOS_DEPLOYMENT_TARGET = 12.4;
				MTL_ENABLE_DEBUG_INFO = NO;
				MTL_FAST_MATH = YES;
				SDKROOT = iphoneos;
				SWIFT_COMPILATION_MODE = wholemodule;
				SWIFT_OPTIMIZATION_LEVEL = "-O";
				VALIDATE_PRODUCT = YES;
			};
			name = Release;
		};
		3DF0B03323413F4E00F99848 /* Debug */ = {
			isa = XCBuildConfiguration;
			baseConfigurationReference = 6213E28C63618210CE64CE87 /* Pods-Dialogue.debug.xcconfig */;
			buildSettings = {
				ASSETCATALOG_COMPILER_APPICON_NAME = AppIcon;
				CODE_SIGN_STYLE = Automatic;
				DEVELOPMENT_TEAM = BWKNAPT58K;
				INFOPLIST_FILE = Dialogue/Info.plist;
				LD_RUNPATH_SEARCH_PATHS = (
					"$(inherited)",
					"@executable_path/Frameworks",
				);
				PRODUCT_BUNDLE_IDENTIFIER = CS371L.Dialogue;
				PRODUCT_NAME = "$(TARGET_NAME)";
				SWIFT_VERSION = 5.0;
				TARGETED_DEVICE_FAMILY = "1,2";
			};
			name = Debug;
		};
		3DF0B03423413F4E00F99848 /* Release */ = {
			isa = XCBuildConfiguration;
			baseConfigurationReference = 046211C88807F78EF36A63A6 /* Pods-Dialogue.release.xcconfig */;
			buildSettings = {
				ASSETCATALOG_COMPILER_APPICON_NAME = AppIcon;
				CODE_SIGN_STYLE = Automatic;
				DEVELOPMENT_TEAM = BWKNAPT58K;
				INFOPLIST_FILE = Dialogue/Info.plist;
				LD_RUNPATH_SEARCH_PATHS = (
					"$(inherited)",
					"@executable_path/Frameworks",
				);
				PRODUCT_BUNDLE_IDENTIFIER = CS371L.Dialogue;
				PRODUCT_NAME = "$(TARGET_NAME)";
				SWIFT_VERSION = 5.0;
				TARGETED_DEVICE_FAMILY = "1,2";
			};
			name = Release;
		};
		3DF0B03623413F4E00F99848 /* Debug */ = {
			isa = XCBuildConfiguration;
			baseConfigurationReference = A85DF578BB82003BADB74BF8 /* Pods-DialogueTests.debug.xcconfig */;
			buildSettings = {
				ALWAYS_EMBED_SWIFT_STANDARD_LIBRARIES = YES;
				BUNDLE_LOADER = "$(TEST_HOST)";
				CODE_SIGN_STYLE = Automatic;
				DEVELOPMENT_TEAM = BWKNAPT58K;
				INFOPLIST_FILE = DialogueTests/Info.plist;
				LD_RUNPATH_SEARCH_PATHS = (
					"$(inherited)",
					"@executable_path/Frameworks",
					"@loader_path/Frameworks",
				);
				PRODUCT_BUNDLE_IDENTIFIER = CS371L.DialogueTests;
				PRODUCT_NAME = "$(TARGET_NAME)";
				SWIFT_VERSION = 5.0;
				TARGETED_DEVICE_FAMILY = "1,2";
				TEST_HOST = "$(BUILT_PRODUCTS_DIR)/Dialogue.app/Dialogue";
			};
			name = Debug;
		};
		3DF0B03723413F4E00F99848 /* Release */ = {
			isa = XCBuildConfiguration;
			baseConfigurationReference = 0BA2514B44DAA6A2593C6BC2 /* Pods-DialogueTests.release.xcconfig */;
			buildSettings = {
				ALWAYS_EMBED_SWIFT_STANDARD_LIBRARIES = YES;
				BUNDLE_LOADER = "$(TEST_HOST)";
				CODE_SIGN_STYLE = Automatic;
				DEVELOPMENT_TEAM = BWKNAPT58K;
				INFOPLIST_FILE = DialogueTests/Info.plist;
				LD_RUNPATH_SEARCH_PATHS = (
					"$(inherited)",
					"@executable_path/Frameworks",
					"@loader_path/Frameworks",
				);
				PRODUCT_BUNDLE_IDENTIFIER = CS371L.DialogueTests;
				PRODUCT_NAME = "$(TARGET_NAME)";
				SWIFT_VERSION = 5.0;
				TARGETED_DEVICE_FAMILY = "1,2";
				TEST_HOST = "$(BUILT_PRODUCTS_DIR)/Dialogue.app/Dialogue";
			};
			name = Release;
		};
		3DF0B03923413F4E00F99848 /* Debug */ = {
			isa = XCBuildConfiguration;
			baseConfigurationReference = 206E51FE1B2E37F7B39007CD /* Pods-Dialogue-DialogueUITests.debug.xcconfig */;
			buildSettings = {
				ALWAYS_EMBED_SWIFT_STANDARD_LIBRARIES = YES;
				CODE_SIGN_STYLE = Automatic;
				DEVELOPMENT_TEAM = BWKNAPT58K;
				INFOPLIST_FILE = DialogueUITests/Info.plist;
				LD_RUNPATH_SEARCH_PATHS = (
					"$(inherited)",
					"@executable_path/Frameworks",
					"@loader_path/Frameworks",
				);
				PRODUCT_BUNDLE_IDENTIFIER = CS371L.DialogueUITests;
				PRODUCT_NAME = "$(TARGET_NAME)";
				SWIFT_VERSION = 5.0;
				TARGETED_DEVICE_FAMILY = "1,2";
				TEST_TARGET_NAME = Dialogue;
			};
			name = Debug;
		};
		3DF0B03A23413F4E00F99848 /* Release */ = {
			isa = XCBuildConfiguration;
			baseConfigurationReference = 27129D4A273FE3B6D1097DA8 /* Pods-Dialogue-DialogueUITests.release.xcconfig */;
			buildSettings = {
				ALWAYS_EMBED_SWIFT_STANDARD_LIBRARIES = YES;
				CODE_SIGN_STYLE = Automatic;
				DEVELOPMENT_TEAM = BWKNAPT58K;
				INFOPLIST_FILE = DialogueUITests/Info.plist;
				LD_RUNPATH_SEARCH_PATHS = (
					"$(inherited)",
					"@executable_path/Frameworks",
					"@loader_path/Frameworks",
				);
				PRODUCT_BUNDLE_IDENTIFIER = CS371L.DialogueUITests;
				PRODUCT_NAME = "$(TARGET_NAME)";
				SWIFT_VERSION = 5.0;
				TARGETED_DEVICE_FAMILY = "1,2";
				TEST_TARGET_NAME = Dialogue;
			};
			name = Release;
		};
/* End XCBuildConfiguration section */

/* Begin XCConfigurationList section */
		3DF0B00523413F4D00F99848 /* Build configuration list for PBXProject "Dialogue" */ = {
			isa = XCConfigurationList;
			buildConfigurations = (
				3DF0B03023413F4E00F99848 /* Debug */,
				3DF0B03123413F4E00F99848 /* Release */,
			);
			defaultConfigurationIsVisible = 0;
			defaultConfigurationName = Release;
		};
		3DF0B03223413F4E00F99848 /* Build configuration list for PBXNativeTarget "Dialogue" */ = {
			isa = XCConfigurationList;
			buildConfigurations = (
				3DF0B03323413F4E00F99848 /* Debug */,
				3DF0B03423413F4E00F99848 /* Release */,
			);
			defaultConfigurationIsVisible = 0;
			defaultConfigurationName = Release;
		};
		3DF0B03523413F4E00F99848 /* Build configuration list for PBXNativeTarget "DialogueTests" */ = {
			isa = XCConfigurationList;
			buildConfigurations = (
				3DF0B03623413F4E00F99848 /* Debug */,
				3DF0B03723413F4E00F99848 /* Release */,
			);
			defaultConfigurationIsVisible = 0;
			defaultConfigurationName = Release;
		};
		3DF0B03823413F4E00F99848 /* Build configuration list for PBXNativeTarget "DialogueUITests" */ = {
			isa = XCConfigurationList;
			buildConfigurations = (
				3DF0B03923413F4E00F99848 /* Debug */,
				3DF0B03A23413F4E00F99848 /* Release */,
			);
			defaultConfigurationIsVisible = 0;
			defaultConfigurationName = Release;
		};
/* End XCConfigurationList section */
	};
	rootObject = 3DF0B00223413F4D00F99848 /* Project object */;
}
